github.com/ernestosuarez/itertools v0.0.0-20190516153236-40a02c159e7b h1:jfqcM/m7Rt6wR6caX7TaRk5tHWCz5HRq+kNCPSNSKTo=
github.com/ernestosuarez/itertools v0.0.0-20190516153236-40a02c159e7b/go.mod h1:WzH8PFd6m6UcRNbYXLAjgjyvwE5EqBKwTYosDoUDG/Q=
github.com/gocarina/gocsv v0.0.0-20211203214250-4735fba0c1d9 h1:ptTza/LLPmfRtmz77X+6J61Wyf5e1hz5xYMvRk/hkE4=
github.com/gocarina/gocsv v0.0.0-20211203214250-4735fba0c1d9/go.mod h1:5YoVOkjYAQumqlV356Hj3xeYh4BdZuLE0/nRkf2NKkI=
